// !$*UTF8*$!
{
	archiveVersion = 1;
	classes = {
	};
	objectVersion = 77;
	objects = {

/* Begin PBXContainerItemProxy section */
		3F6A7EE22DC13E7900351DF2 /* PBXContainerItemProxy */ = {
			isa = PBXContainerItemProxy;
			containerPortal = 3F6A7EC32DC13E7800351DF2 /* Project object */;
			proxyType = 1;
			remoteGlobalIDString = 3F6A7ECA2DC13E7800351DF2;
			remoteInfo = CombiApp;
		};
		3F6A7EEC2DC13E7900351DF2 /* PBXContainerItemProxy */ = {
			isa = PBXContainerItemProxy;
			containerPortal = 3F6A7EC32DC13E7800351DF2 /* Project object */;
			proxyType = 1;
			remoteGlobalIDString = 3F6A7ECA2DC13E7800351DF2;
			remoteInfo = CombiApp;
		};
/* End PBXContainerItemProxy section */

/* Begin PBXFileReference section */
		3F6A7ECB2DC13E7800351DF2 /* CombiApp.app */ = {isa = PBXFileReference; explicitFileType = wrapper.application; includeInIndex = 0; path = CombiApp.app; sourceTree = BUILT_PRODUCTS_DIR; };
		3F6A7EE12DC13E7900351DF2 /* CombiAppTests.xctest */ = {isa = PBXFileReference; explicitFileType = wrapper.cfbundle; includeInIndex = 0; path = CombiAppTests.xctest; sourceTree = BUILT_PRODUCTS_DIR; };
		3F6A7EEB2DC13E7900351DF2 /* CombiAppUITests.xctest */ = {isa = PBXFileReference; explicitFileType = wrapper.cfbundle; includeInIndex = 0; path = CombiAppUITests.xctest; sourceTree = BUILT_PRODUCTS_DIR; };
/* End PBXFileReference section */

/* Begin PBXFileSystemSynchronizedBuildFileExceptionSet section */
		3F6A7EF32DC13E7900351DF2 /* Exceptions for "CombiApp" folder in "CombiApp" target */ = {
			isa = PBXFileSystemSynchronizedBuildFileExceptionSet;
			membershipExceptions = (
				Info.plist,
			);
			target = 3F6A7ECA2DC13E7800351DF2 /* CombiApp */;
		};
/* End PBXFileSystemSynchronizedBuildFileExceptionSet section */

/* Begin PBXFileSystemSynchronizedRootGroup section */
		3F6A7ECD2DC13E7800351DF2 /* CombiApp */ = {
			isa = PBXFileSystemSynchronizedRootGroup;
			exceptions = (
				3F6A7EF32DC13E7900351DF2 /* Exceptions for "CombiApp" folder in "CombiApp" target */,
			);
			path = CombiApp;
			sourceTree = "<group>";
		};
		3F6A7EE42DC13E7900351DF2 /* CombiAppTests */ = {
			isa = PBXFileSystemSynchronizedRootGroup;
			path = CombiAppTests;
			sourceTree = "<group>";
		};
		3F6A7EEE2DC13E7900351DF2 /* CombiAppUITests */ = {
			isa = PBXFileSystemSynchronizedRootGroup;
			path = CombiAppUITests;
			sourceTree = "<group>";
		};
/* End PBXFileSystemSynchronizedRootGroup section */

/* Begin PBXFrameworksBuildPhase section */
		3F6A7EC82DC13E7800351DF2 /* Frameworks */ = {
			isa = PBXFrameworksBuildPhase;
			buildActionMask = 2147483647;
			files = (
			);
			runOnlyForDeploymentPostprocessing = 0;
		};
		3F6A7EDE2DC13E7900351DF2 /* Frameworks */ = {
			isa = PBXFrameworksBuildPhase;
			buildActionMask = 2147483647;
			files = (
			);
			runOnlyForDeploymentPostprocessing = 0;
		};
		3F6A7EE82DC13E7900351DF2 /* Frameworks */ = {
			isa = PBXFrameworksBuildPhase;
			buildActionMask = 2147483647;
			files = (
			);
			runOnlyForDeploymentPostprocessing = 0;
		};
/* End PBXFrameworksBuildPhase section */

/* Begin PBXGroup section */
		3F6A7EC22DC13E7800351DF2 = {
			isa = PBXGroup;
			children = (
				3F6A7ECD2DC13E7800351DF2 /* CombiApp */,
				3F6A7EE42DC13E7900351DF2 /* CombiAppTests */,
				3F6A7EEE2DC13E7900351DF2 /* CombiAppUITests */,
				3F6A7ECC2DC13E7800351DF2 /* Products */,
			);
			sourceTree = "<group>";
		};
		3F6A7ECC2DC13E7800351DF2 /* Products */ = {
			isa = PBXGroup;
			children = (
				3F6A7ECB2DC13E7800351DF2 /* CombiApp.app */,
				3F6A7EE12DC13E7900351DF2 /* CombiAppTests.xctest */,
				3F6A7EEB2DC13E7900351DF2 /* CombiAppUITests.xctest */,
			);
			name = Products;
			sourceTree = "<group>";
		};
/* End PBXGroup section */

/* Begin PBXNativeTarget section */
		3F6A7ECA2DC13E7800351DF2 /* CombiApp */ = {
			isa = PBXNativeTarget;
			buildConfigurationList = 3F6A7EF42DC13E7900351DF2 /* Build configuration list for PBXNativeTarget "CombiApp" */;
			buildPhases = (
				3F6A7EC72DC13E7800351DF2 /* Sources */,
				3F6A7EC82DC13E7800351DF2 /* Frameworks */,
				3F6A7EC92DC13E7800351DF2 /* Resources */,
			);
			buildRules = (
			);
			dependencies = (
			);
			fileSystemSynchronizedGroups = (
				3F6A7ECD2DC13E7800351DF2 /* CombiApp */,
			);
			name = CombiApp;
			packageProductDependencies = (
			);
			productName = CombiApp;
			productReference = 3F6A7ECB2DC13E7800351DF2 /* CombiApp.app */;
			productType = "com.apple.product-type.application";
		};
		3F6A7EE02DC13E7900351DF2 /* CombiAppTests */ = {
			isa = PBXNativeTarget;
			buildConfigurationList = 3F6A7EF92DC13E7900351DF2 /* Build configuration list for PBXNativeTarget "CombiAppTests" */;
			buildPhases = (
				3F6A7EDD2DC13E7900351DF2 /* Sources */,
				3F6A7EDE2DC13E7900351DF2 /* Frameworks */,
				3F6A7EDF2DC13E7900351DF2 /* Resources */,
			);
			buildRules = (
			);
			dependencies = (
				3F6A7EE32DC13E7900351DF2 /* PBXTargetDependency */,
			);
			fileSystemSynchronizedGroups = (
				3F6A7EE42DC13E7900351DF2 /* CombiAppTests */,
			);
			name = CombiAppTests;
			packageProductDependencies = (
			);
			productName = CombiAppTests;
			productReference = 3F6A7EE12DC13E7900351DF2 /* CombiAppTests.xctest */;
			productType = "com.apple.product-type.bundle.unit-test";
		};
		3F6A7EEA2DC13E7900351DF2 /* CombiAppUITests */ = {
			isa = PBXNativeTarget;
			buildConfigurationList = 3F6A7EFC2DC13E7900351DF2 /* Build configuration list for PBXNativeTarget "CombiAppUITests" */;
			buildPhases = (
				3F6A7EE72DC13E7900351DF2 /* Sources */,
				3F6A7EE82DC13E7900351DF2 /* Frameworks */,
				3F6A7EE92DC13E7900351DF2 /* Resources */,
			);
			buildRules = (
			);
			dependencies = (
				3F6A7EED2DC13E7900351DF2 /* PBXTargetDependency */,
			);
			fileSystemSynchronizedGroups = (
				3F6A7EEE2DC13E7900351DF2 /* CombiAppUITests */,
			);
			name = CombiAppUITests;
			packageProductDependencies = (
			);
			productName = CombiAppUITests;
			productReference = 3F6A7EEB2DC13E7900351DF2 /* CombiAppUITests.xctest */;
			productType = "com.apple.product-type.bundle.ui-testing";
		};
/* End PBXNativeTarget section */

/* Begin PBXProject section */
		3F6A7EC32DC13E7800351DF2 /* Project object */ = {
			isa = PBXProject;
			attributes = {
				BuildIndependentTargetsInParallel = 1;
				LastSwiftUpdateCheck = 1630;
				LastUpgradeCheck = 1630;
				TargetAttributes = {
					3F6A7ECA2DC13E7800351DF2 = {
						CreatedOnToolsVersion = 16.3;
					};
					3F6A7EE02DC13E7900351DF2 = {
						CreatedOnToolsVersion = 16.3;
						TestTargetID = 3F6A7ECA2DC13E7800351DF2;
					};
					3F6A7EEA2DC13E7900351DF2 = {
						CreatedOnToolsVersion = 16.3;
						TestTargetID = 3F6A7ECA2DC13E7800351DF2;
					};
				};
			};
			buildConfigurationList = 3F6A7EC62DC13E7800351DF2 /* Build configuration list for PBXProject "CombiApp" */;
			developmentRegion = en;
			hasScannedForEncodings = 0;
			knownRegions = (
				en,
				Base,
			);
			mainGroup = 3F6A7EC22DC13E7800351DF2;
			minimizedProjectReferenceProxies = 1;
			preferredProjectObjectVersion = 77;
			productRefGroup = 3F6A7ECC2DC13E7800351DF2 /* Products */;
			projectDirPath = "";
			projectRoot = "";
			targets = (
				3F6A7ECA2DC13E7800351DF2 /* CombiApp */,
				3F6A7EE02DC13E7900351DF2 /* CombiAppTests */,
				3F6A7EEA2DC13E7900351DF2 /* CombiAppUITests */,
			);
		};
/* End PBXProject section */

/* Begin PBXResourcesBuildPhase section */
		3F6A7EC92DC13E7800351DF2 /* Resources */ = {
			isa = PBXResourcesBuildPhase;
			buildActionMask = 2147483647;
			files = (
			);
			runOnlyForDeploymentPostprocessing = 0;
		};
		3F6A7EDF2DC13E7900351DF2 /* Resources */ = {
			isa = PBXResourcesBuildPhase;
			buildActionMask = 2147483647;
			files = (
			);
			runOnlyForDeploymentPostprocessing = 0;
		};
		3F6A7EE92DC13E7900351DF2 /* Resources */ = {
			isa = PBXResourcesBuildPhase;
			buildActionMask = 2147483647;
			files = (
			);
			runOnlyForDeploymentPostprocessing = 0;
		};
/* End PBXResourcesBuildPhase section */

/* Begin PBXSourcesBuildPhase section */
		3F6A7EC72DC13E7800351DF2 /* Sources */ = {
			isa = PBXSourcesBuildPhase;
			buildActionMask = 2147483647;
			files = (
			);
			runOnlyForDeploymentPostprocessing = 0;
		};
		3F6A7EDD2DC13E7900351DF2 /* Sources */ = {
			isa = PBXSourcesBuildPhase;
			buildActionMask = 2147483647;
			files = (
			);
			runOnlyForDeploymentPostprocessing = 0;
		};
		3F6A7EE72DC13E7900351DF2 /* Sources */ = {
			isa = PBXSourcesBuildPhase;
			buildActionMask = 2147483647;
			files = (
			);
			runOnlyForDeploymentPostprocessing = 0;
		};
/* End PBXSourcesBuildPhase section */

/* Begin PBXTargetDependency section */
		3F6A7EE32DC13E7900351DF2 /* PBXTargetDependency */ = {
			isa = PBXTargetDependency;
			target = 3F6A7ECA2DC13E7800351DF2 /* CombiApp */;
			targetProxy = 3F6A7EE22DC13E7900351DF2 /* PBXContainerItemProxy */;
		};
		3F6A7EED2DC13E7900351DF2 /* PBXTargetDependency */ = {
			isa = PBXTargetDependency;
			target = 3F6A7ECA2DC13E7800351DF2 /* CombiApp */;
			targetProxy = 3F6A7EEC2DC13E7900351DF2 /* PBXContainerItemProxy */;
		};
/* End PBXTargetDependency section */

/* Begin XCBuildConfiguration section */
		3F6A7EF52DC13E7900351DF2 /* Debug */ = {
			isa = XCBuildConfiguration;
			buildSettings = {
				ASSETCATALOG_COMPILER_APPICON_NAME = AppIcon;
				ASSETCATALOG_COMPILER_GLOBAL_ACCENT_COLOR_NAME = AccentColor;
				CODE_SIGN_STYLE = Automatic;
				CURRENT_PROJECT_VERSION = 1;
				GENERATE_INFOPLIST_FILE = YES;
				INFOPLIST_FILE = CombiApp/Info.plist;
				INFOPLIST_KEY_UIApplicationSupportsIndirectInputEvents = YES;
				INFOPLIST_KEY_UILaunchStoryboardName = LaunchScreen;
				INFOPLIST_KEY_UIMainStoryboardFile = Main;
				INFOPLIST_KEY_UISupportedInterfaceOrientations_iPad = "UIInterfaceOrientationPortrait UIInterfaceOrientationPortraitUpsideDown UIInterfaceOrientationLandscapeLeft UIInterfaceOrientationLandscapeRight";
				INFOPLIST_KEY_UISupportedInterfaceOrientations_iPhone = "UIInterfaceOrientationPortrait UIInterfaceOrientationLandscapeLeft UIInterfaceOrientationLandscapeRight";
				LD_RUNPATH_SEARCH_PATHS = (
					"$(inherited)",
					"@executable_path/Frameworks",
				);
				MARKETING_VERSION = 1.0;
				PRODUCT_BUNDLE_IDENTIFIER = com.CombiApp;
				PRODUCT_NAME = "$(TARGET_NAME)";
				SWIFT_EMIT_LOC_STRINGS = YES;
				SWIFT_VERSION = 5.0;
				TARGETED_DEVICE_FAMILY = "1,2";
			};
			name = Debug;
		};
		3F6A7EF62DC13E7900351DF2 /* Release */ = {
			isa = XCBuildConfiguration;
			buildSettings = {
				ASSETCATALOG_COMPILER_APPICON_NAME = AppIcon;
				ASSETCATALOG_COMPILER_GLOBAL_ACCENT_COLOR_NAME = AccentColor;
				CODE_SIGN_STYLE = Automatic;
				CURRENT_PROJECT_VERSION = 1;
				GENERATE_INFOPLIST_FILE = YES;
				INFOPLIST_FILE = CombiApp/Info.plist;
				INFOPLIST_KEY_UIApplicationSupportsIndirectInputEvents = YES;
				INFOPLIST_KEY_UILaunchStoryboardName = LaunchScreen;
				INFOPLIST_KEY_UIMainStoryboardFile = Main;
				INFOPLIST_KEY_UISupportedInterfaceOrientations_iPad = "UIInterfaceOrientationPortrait UIInterfaceOrientationPortraitUpsideDown UIInterfaceOrientationLandscapeLeft UIInterfaceOrientationLandscapeRight";
				INFOPLIST_KEY_UISupportedInterfaceOrientations_iPhone = "UIInterfaceOrientationPortrait UIInterfaceOrientationLandscapeLeft UIInterfaceOrientationLandscapeRight";
				LD_RUNPATH_SEARCH_PATHS = (
					"$(inherited)",
					"@executable_path/Frameworks",
				);
				MARKETING_VERSION = 1.0;
				PRODUCT_BUNDLE_IDENTIFIER = com.CombiApp;
				PRODUCT_NAME = "$(TARGET_NAME)";
				SWIFT_EMIT_LOC_STRINGS = YES;
				SWIFT_VERSION = 5.0;
				TARGETED_DEVICE_FAMILY = "1,2";
			};
			name = Release;
		};
		3F6A7EF72DC13E7900351DF2 /* Debug */ = {
			isa = XCBuildConfiguration;
			buildSettings = {
				ALWAYS_SEARCH_USER_PATHS = NO;
				ASSETCATALOG_COMPILER_GENERATE_SWIFT_ASSET_SYMBOL_EXTENSIONS = YES;
				CLANG_ANALYZER_NONNULL = YES;
				CLANG_ANALYZER_NUMBER_OBJECT_CONVERSION = YES_AGGRESSIVE;
				CLANG_CXX_LANGUAGE_STANDARD = "gnu++20";
				CLANG_ENABLE_MODULES = YES;
				CLANG_ENABLE_OBJC_ARC = YES;
				CLANG_ENABLE_OBJC_WEAK = YES;
				CLANG_WARN_BLOCK_CAPTURE_AUTORELEASING = YES;
				CLANG_WARN_BOOL_CONVERSION = YES;
				CLANG_WARN_COMMA = YES;
				CLANG_WARN_CONSTANT_CONVERSION = YES;
				CLANG_WARN_DEPRECATED_OBJC_IMPLEMENTATIONS = YES;
				CLANG_WARN_DIRECT_OBJC_ISA_USAGE = YES_ERROR;
				CLANG_WARN_DOCUMENTATION_COMMENTS = YES;
				CLANG_WARN_EMPTY_BODY = YES;
				CLANG_WARN_ENUM_CONVERSION = YES;
				CLANG_WARN_INFINITE_RECURSION = YES;
				CLANG_WARN_INT_CONVERSION = YES;
				CLANG_WARN_NON_LITERAL_NULL_CONVERSION = YES;
				CLANG_WARN_OBJC_IMPLICIT_RETAIN_SELF = YES;
				CLANG_WARN_OBJC_LITERAL_CONVERSION = YES;
				CLANG_WARN_OBJC_ROOT_CLASS = YES_ERROR;
				CLANG_WARN_QUOTED_INCLUDE_IN_FRAMEWORK_HEADER = YES;
				CLANG_WARN_RANGE_LOOP_ANALYSIS = YES;
				CLANG_WARN_STRICT_PROTOTYPES = YES;
				CLANG_WARN_SUSPICIOUS_MOVE = YES;
				CLANG_WARN_UNGUARDED_AVAILABILITY = YES_AGGRESSIVE;
				CLANG_WARN_UNREACHABLE_CODE = YES;
				CLANG_WARN__DUPLICATE_METHOD_MATCH = YES;
				COPY_PHASE_STRIP = NO;
				DEBUG_INFORMATION_FORMAT = dwarf;
				ENABLE_STRICT_OBJC_MSGSEND = YES;
				ENABLE_TESTABILITY = YES;
				ENABLE_USER_SCRIPT_SANDBOXING = YES;
				GCC_C_LANGUAGE_STANDARD = gnu17;
				GCC_DYNAMIC_NO_PIC = NO;
				GCC_NO_COMMON_BLOCKS = YES;
				GCC_OPTIMIZATION_LEVEL = 0;
				GCC_PREPROCESSOR_DEFINITIONS = (
					"DEBUG=1",
					"$(inherited)",
				);
				GCC_WARN_64_TO_32_BIT_CONVERSION = YES;
				GCC_WARN_ABOUT_RETURN_TYPE = YES_ERROR;
				GCC_WARN_UNDECLARED_SELECTOR = YES;
				GCC_WARN_UNINITIALIZED_AUTOS = YES_AGGRESSIVE;
				GCC_WARN_UNUSED_FUNCTION = YES;
				GCC_WARN_UNUSED_VARIABLE = YES;
				IPHONEOS_DEPLOYMENT_TARGET = 18.4;
				LOCALIZATION_PREFERS_STRING_CATALOGS = YES;
				MTL_ENABLE_DEBUG_INFO = INCLUDE_SOURCE;
				MTL_FAST_MATH = YES;
				ONLY_ACTIVE_ARCH = YES;
				SDKROOT = iphoneos;
				SWIFT_ACTIVE_COMPILATION_CONDITIONS = "DEBUG $(inherited)";
				SWIFT_OPTIMIZATION_LEVEL = "-Onone";
			};
			name = Debug;
		};
		3F6A7EF82DC13E7900351DF2 /* Release */ = {
			isa = XCBuildConfiguration;
			buildSettings = {
				ALWAYS_SEARCH_USER_PATHS = NO;
				ASSETCATALOG_COMPILER_GENERATE_SWIFT_ASSET_SYMBOL_EXTENSIONS = YES;
				CLANG_ANALYZER_NONNULL = YES;
				CLANG_ANALYZER_NUMBER_OBJECT_CONVERSION = YES_AGGRESSIVE;
				CLANG_CXX_LANGUAGE_STANDARD = "gnu++20";
				CLANG_ENABLE_MODULES = YES;
				CLANG_ENABLE_OBJC_ARC = YES;
				CLANG_ENABLE_OBJC_WEAK = YES;
				CLANG_WARN_BLOCK_CAPTURE_AUTORELEASING = YES;
				CLANG_WARN_BOOL_CONVERSION = YES;
				CLANG_WARN_COMMA = YES;
				CLANG_WARN_CONSTANT_CONVERSION = YES;
				CLANG_WARN_DEPRECATED_OBJC_IMPLEMENTATIONS = YES;
				CLANG_WARN_DIRECT_OBJC_ISA_USAGE = YES_ERROR;
				CLANG_WARN_DOCUMENTATION_COMMENTS = YES;
				CLANG_WARN_EMPTY_BODY = YES;
				CLANG_WARN_ENUM_CONVERSION = YES;
				CLANG_WARN_INFINITE_RECURSION = YES;
				CLANG_WARN_INT_CONVERSION = YES;
				CLANG_WARN_NON_LITERAL_NULL_CONVERSION = YES;
				CLANG_WARN_OBJC_IMPLICIT_RETAIN_SELF = YES;
				CLANG_WARN_OBJC_LITERAL_CONVERSION = YES;
				CLANG_WARN_OBJC_ROOT_CLASS = YES_ERROR;
				CLANG_WARN_QUOTED_INCLUDE_IN_FRAMEWORK_HEADER = YES;
				CLANG_WARN_RANGE_LOOP_ANALYSIS = YES;
				CLANG_WARN_STRICT_PROTOTYPES = YES;
				CLANG_WARN_SUSPICIOUS_MOVE = YES;
				CLANG_WARN_UNGUARDED_AVAILABILITY = YES_AGGRESSIVE;
				CLANG_WARN_UNREACHABLE_CODE = YES;
				CLANG_WARN__DUPLICATE_METHOD_MATCH = YES;
				COPY_PHASE_STRIP = NO;
				DEBUG_INFORMATION_FORMAT = "dwarf-with-dsym";
				ENABLE_NS_ASSERTIONS = NO;
				ENABLE_STRICT_OBJC_MSGSEND = YES;
				ENABLE_USER_SCRIPT_SANDBOXING = YES;
				GCC_C_LANGUAGE_STANDARD = gnu17;
				GCC_NO_COMMON_BLOCKS = YES;
				GCC_WARN_64_TO_32_BIT_CONVERSION = YES;
				GCC_WARN_ABOUT_RETURN_TYPE = YES_ERROR;
				GCC_WARN_UNDECLARED_SELECTOR = YES;
				GCC_WARN_UNINITIALIZED_AUTOS = YES_AGGRESSIVE;
				GCC_WARN_UNUSED_FUNCTION = YES;
				GCC_WARN_UNUSED_VARIABLE = YES;
				IPHONEOS_DEPLOYMENT_TARGET = 18.4;
				LOCALIZATION_PREFERS_STRING_CATALOGS = YES;
				MTL_ENABLE_DEBUG_INFO = NO;
				MTL_FAST_MATH = YES;
				SDKROOT = iphoneos;
				SWIFT_COMPILATION_MODE = wholemodule;
				VALIDATE_PRODUCT = YES;
			};
			name = Release;
		};
		3F6A7EFA2DC13E7900351DF2 /* Debug */ = {
			isa = XCBuildConfiguration;
			buildSettings = {
				BUNDLE_LOADER = "$(TEST_HOST)";
				CODE_SIGN_STYLE = Automatic;
				CURRENT_PROJECT_VERSION = 1;
				GENERATE_INFOPLIST_FILE = YES;
				IPHONEOS_DEPLOYMENT_TARGET = 18.4;
				MARKETING_VERSION = 1.0;
				PRODUCT_BUNDLE_IDENTIFIER = com.CombiAppTests;
				PRODUCT_NAME = "$(TARGET_NAME)";
				SWIFT_EMIT_LOC_STRINGS = NO;
				SWIFT_VERSION = 5.0;
				TARGETED_DEVICE_FAMILY = "1,2";
				TEST_HOST = "$(BUILT_PRODUCTS_DIR)/CombiApp.app/$(BUNDLE_EXECUTABLE_FOLDER_PATH)/CombiApp";
			};
			name = Debug;
		};
		3F6A7EFB2DC13E7900351DF2 /* Release */ = {
			isa = XCBuildConfiguration;
			buildSettings = {
				BUNDLE_LOADER = "$(TEST_HOST)";
				CODE_SIGN_STYLE = Automatic;
				CURRENT_PROJECT_VERSION = 1;
				GENERATE_INFOPLIST_FILE = YES;
				IPHONEOS_DEPLOYMENT_TARGET = 18.4;
				MARKETING_VERSION = 1.0;
				PRODUCT_BUNDLE_IDENTIFIER = com.CombiAppTests;
				PRODUCT_NAME = "$(TARGET_NAME)";
				SWIFT_EMIT_LOC_STRINGS = NO;
				SWIFT_VERSION = 5.0;
				TARGETED_DEVICE_FAMILY = "1,2";
				TEST_HOST = "$(BUILT_PRODUCTS_DIR)/CombiApp.app/$(BUNDLE_EXECUTABLE_FOLDER_PATH)/CombiApp";
			};
			name = Release;
		};
		3F6A7EFD2DC13E7900351DF2 /* Debug */ = {
			isa = XCBuildConfiguration;
			buildSettings = {
				CODE_SIGN_STYLE = Automatic;
				CURRENT_PROJECT_VERSION = 1;
				GENERATE_INFOPLIST_FILE = YES;
				MARKETING_VERSION = 1.0;
				PRODUCT_BUNDLE_IDENTIFIER = com.CombiAppUITests;
				PRODUCT_NAME = "$(TARGET_NAME)";
				SWIFT_EMIT_LOC_STRINGS = NO;
				SWIFT_VERSION = 5.0;
				TARGETED_DEVICE_FAMILY = "1,2";
				TEST_TARGET_NAME = CombiApp;
			};
			name = Debug;
		};
		3F6A7EFE2DC13E7900351DF2 /* Release */ = {
			isa = XCBuildConfiguration;
			buildSettings = {
				CODE_SIGN_STYLE = Automatic;
				CURRENT_PROJECT_VERSION = 1;
				GENERATE_INFOPLIST_FILE = YES;
				MARKETING_VERSION = 1.0;
				PRODUCT_BUNDLE_IDENTIFIER = com.CombiAppUITests;
				PRODUCT_NAME = "$(TARGET_NAME)";
				SWIFT_EMIT_LOC_STRINGS = NO;
				SWIFT_VERSION = 5.0;
				TARGETED_DEVICE_FAMILY = "1,2";
				TEST_TARGET_NAME = CombiApp;
			};
			name = Release;
		};
/* End XCBuildConfiguration section */

/* Begin XCConfigurationList section */
		3F6A7EC62DC13E7800351DF2 /* Build configuration list for PBXProject "CombiApp" */ = {
			isa = XCConfigurationList;
			buildConfigurations = (
				3F6A7EF72DC13E7900351DF2 /* Debug */,
				3F6A7EF82DC13E7900351DF2 /* Release */,
			);
			defaultConfigurationIsVisible = 0;
			defaultConfigurationName = Release;
		};
		3F6A7EF42DC13E7900351DF2 /* Build configuration list for PBXNativeTarget "CombiApp" */ = {
			isa = XCConfigurationList;
			buildConfigurations = (
				3F6A7EF52DC13E7900351DF2 /* Debug */,
				3F6A7EF62DC13E7900351DF2 /* Release */,
			);
			defaultConfigurationIsVisible = 0;
			defaultConfigurationName = Release;
		};
		3F6A7EF92DC13E7900351DF2 /* Build configuration list for PBXNativeTarget "CombiAppTests" */ = {
			isa = XCConfigurationList;
			buildConfigurations = (
				3F6A7EFA2DC13E7900351DF2 /* Debug */,
				3F6A7EFB2DC13E7900351DF2 /* Release */,
			);
			defaultConfigurationIsVisible = 0;
			defaultConfigurationName = Release;
		};
		3F6A7EFC2DC13E7900351DF2 /* Build configuration list for PBXNativeTarget "CombiAppUITests" */ = {
			isa = XCConfigurationList;
			buildConfigurations = (
				3F6A7EFD2DC13E7900351DF2 /* Debug */,
				3F6A7EFE2DC13E7900351DF2 /* Release */,
			);
			defaultConfigurationIsVisible = 0;
			defaultConfigurationName = Release;
		};
/* End XCConfigurationList section */
	};
	rootObject = 3F6A7EC32DC13E7800351DF2 /* Project object */;
}
